github.com/tetratelabs/wazero v1.8.0 h1:iEKu0d4c2Pd+QSRieYbnQC9yiFlMS9D+Jr0LsRmcF4g=
github.com/tetratelabs/wazero v1.8.0/go.mod h1:yAI0XTsMBhREkM/YDAK/zNou3GoiAce1P6+rp/wQhjs=
github.com/thanhhaudev/llmreviewkit v1.5.0 h1:8RwFm1O3PJniA8C51b1wYD8SvOCWJoet/yEV1RHTfYU=
github.com/thanhhaudev/llmreviewkit v1.5.0/go.mod h1:3zKBZY/jsutroXEZ5vgtQ4/XbA2irCkXFBx9uEKqLXI=
github.com/thanhhaudev/phpsyms v0.2.1 h1:nJgErQjq38BF5okMZ5aqJUTHhgLbCnFjYnnuPfzVI74=
github.com/thanhhaudev/phpsyms v0.2.1/go.mod h1:rOeLKU82XvLdqXyQhAxDP7JL6XF4AvQEZ7XKvcHkut8=
